
Microsoft Visual Studio Solution File, Format Version 12.00
# Visual Studio Version 17
VisualStudioVersion = 17.11.35312.102
MinimumVisualStudioVersion = 10.0.40219.1
Project("{FAE04EC0-301F-11D3-BF4B-00C04F79EFBC}") = "Backend", "Backend\Backend.csproj", "{642A8CAE-8227-44CA-B1B4-545F272C5C03}"
EndProject
Global
	GlobalSection(SolutionConfigurationPlatforms) = preSolution
		Debug|Any CPU = Debug|Any CPU
		Release|Any CPU = Release|Any CPU
	EndGlobalSection
	GlobalSection(ProjectConfigurationPlatforms) = postSolution
		{642A8CAE-8227-44CA-B1B4-545F272C5C03}.Debug|Any CPU.ActiveCfg = Debug|Any CPU
		{642A8CAE-8227-44CA-B1B4-545F272C5C03}.Debug|Any CPU.Build.0 = Debug|Any CPU
		{642A8CAE-8227-44CA-B1B4-545F272C5C03}.Release|Any CPU.ActiveCfg = Release|Any CPU
		{642A8CAE-8227-44CA-B1B4-545F272C5C03}.Release|Any CPU.Build.0 = Release|Any CPU
	EndGlobalSection
	GlobalSection(SolutionProperties) = preSolution
		HideSolutionNode = FALSE
	EndGlobalSection
	GlobalSection(ExtensibilityGlobals) = postSolution
		SolutionGuid = {5F98A01C-35A7-4FA1-81F2-AD03C1EF15BB}
	EndGlobalSection
EndGlobal
